
Microsoft Visual Studio Solution File, Format Version 12.00
# Visual Studio Version 17
VisualStudioVersion = 17.6.33801.468
MinimumVisualStudioVersion = 10.0.40219.1
Project("{FAE04EC0-301F-11D3-BF4B-00C04F79EFBC}") = "To-Do List", "To-Do List\To-Do List.csproj", "{E222B407-461D-4DBB-B1AC-F9C026778C40}"
EndProject
Global
	GlobalSection(SolutionConfigurationPlatforms) = preSolution
		Debug|Any CPU = Debug|Any CPU
		Release|Any CPU = Release|Any CPU
	EndGlobalSection
	GlobalSection(ProjectConfigurationPlatforms) = postSolution
		{E222B407-461D-4DBB-B1AC-F9C026778C40}.Debug|Any CPU.ActiveCfg = Debug|Any CPU
		{E222B407-461D-4DBB-B1AC-F9C026778C40}.Debug|Any CPU.Build.0 = Debug|Any CPU
		{E222B407-461D-4DBB-B1AC-F9C026778C40}.Release|Any CPU.ActiveCfg = Release|Any CPU
		{E222B407-461D-4DBB-B1AC-F9C026778C40}.Release|Any CPU.Build.0 = Release|Any CPU
	EndGlobalSection
	GlobalSection(SolutionProperties) = preSolution
		HideSolutionNode = FALSE
	EndGlobalSection
	GlobalSection(ExtensibilityGlobals) = postSolution
		SolutionGuid = {4E95C9C7-C733-4B35-9CB4-9D3460353632}
	EndGlobalSection
EndGlobal
